
Microsoft Visual Studio Solution File, Format Version 12.00
# Visual Studio 15
VisualStudioVersion = 15.0.27130.2003
MinimumVisualStudioVersion = 10.0.40219.1
Project("{FAE04EC0-301F-11D3-BF4B-00C04F79EFBC}") = "Sequencer.ViewModel", "Sequencer.ViewModel\Sequencer.ViewModel.csproj", "{68A8D4A6-B8EE-4684-8F1B-21B686014069}"
EndProject
Project("{FAE04EC0-301F-11D3-BF4B-00C04F79EFBC}") = "Sequencer.Domain", "Sequencer.Domain\Sequencer.Domain.csproj", "{2F107EEB-5405-4D9A-A21E-866FBD9E697B}"
EndProject
Project("{FAE04EC0-301F-11D3-BF4B-00C04F79EFBC}") = "Sequencer.Utilities", "Sequencer.Utilities\Sequencer.Utilities.csproj", "{00083716-D3DB-46FE-9E9F-083FF0C77CBA}"
EndProject
Project("{FAE04EC0-301F-11D3-BF4B-00C04F79EFBC}") = "Sequencer.Domain.Tests", "Sequencer.Domain.Tests\Sequencer.Domain.Tests.csproj", "{773B096E-A720-4CF4-A218-FE866FE80D29}"
EndProject
Project("{FAE04EC0-301F-11D3-BF4B-00C04F79EFBC}") = "Sequencer.Midi", "Sequencer.Midi\Sequencer.Midi.csproj", "{8ADB7C17-3648-4992-AAD4-C0E6D8B1D23B}"
EndProject
Project("{FAE04EC0-301F-11D3-BF4B-00C04F79EFBC}") = "Sequencer.Audio", "Sequencer.Audio\Sequencer.Audio.csproj", "{A4DD60B7-A760-4871-BCCA-B2FA604F8A28}"
EndProject
Project("{FAE04EC0-301F-11D3-BF4B-00C04F79EFBC}") = "Sequencer.Midi.Tests", "Sequencer.Midi.Tests\Sequencer.Midi.Tests.csproj", "{A630BB56-61F7-4A2A-BBCB-FBC208BAB51E}"
EndProject
Project("{FAE04EC0-301F-11D3-BF4B-00C04F79EFBC}") = "Sequencer.Audio.Tests", "Sequencer.Audio.Tests\Sequencer.Audio.Tests.csproj", "{E86C9B04-9644-481D-8096-E39CF7042193}"
EndProject
Project("{FAE04EC0-301F-11D3-BF4B-00C04F79EFBC}") = "Sequencer.Shared", "Sequencer.Shared\Sequencer.Shared.csproj", "{538D9626-9A18-4F76-BBD5-93495D794060}"
EndProject
Project("{FAE04EC0-301F-11D3-BF4B-00C04F79EFBC}") = "Sequencer.View", "Sequencer.View\Sequencer.View.csproj", "{F891ABD0-A37F-42A2-9B98-C1723D58CED3}"
EndProject
Project("{FAE04EC0-301F-11D3-BF4B-00C04F79EFBC}") = "Sequencer.View.Tests", "Sequencer.View.Tests\Sequencer.View.Tests.csproj", "{1A059752-22FE-407D-BE11-1F9378DB1145}"
EndProject
Project("{FAE04EC0-301F-11D3-BF4B-00C04F79EFBC}") = "Sequencer.ViewModel.Tests", "Sequencer.ViewModel.Tests\Sequencer.ViewModel.Tests.csproj", "{FDDC2848-1DBE-402A-B58C-E94B3B0B5821}"
EndProject
Project("{FAE04EC0-301F-11D3-BF4B-00C04F79EFBC}") = "Sequencer.Visual", "Sequencer.Visual\Sequencer.Visual.csproj", "{08D2CF5D-545A-4ACF-AE26-BD02CE5A116E}"
EndProject
Global
	GlobalSection(SolutionConfigurationPlatforms) = preSolution
		Debug|Any CPU = Debug|Any CPU
		Release|Any CPU = Release|Any CPU
	EndGlobalSection
	GlobalSection(ProjectConfigurationPlatforms) = postSolution
		{68A8D4A6-B8EE-4684-8F1B-21B686014069}.Debug|Any CPU.ActiveCfg = Debug|Any CPU
		{68A8D4A6-B8EE-4684-8F1B-21B686014069}.Debug|Any CPU.Build.0 = Debug|Any CPU
		{68A8D4A6-B8EE-4684-8F1B-21B686014069}.Release|Any CPU.ActiveCfg = Release|Any CPU
		{68A8D4A6-B8EE-4684-8F1B-21B686014069}.Release|Any CPU.Build.0 = Release|Any CPU
		{2F107EEB-5405-4D9A-A21E-866FBD9E697B}.Debug|Any CPU.ActiveCfg = Debug|Any CPU
		{2F107EEB-5405-4D9A-A21E-866FBD9E697B}.Debug|Any CPU.Build.0 = Debug|Any CPU
		{2F107EEB-5405-4D9A-A21E-866FBD9E697B}.Release|Any CPU.ActiveCfg = Release|Any CPU
		{2F107EEB-5405-4D9A-A21E-866FBD9E697B}.Release|Any CPU.Build.0 = Release|Any CPU
		{00083716-D3DB-46FE-9E9F-083FF0C77CBA}.Debug|Any CPU.ActiveCfg = Debug|Any CPU
		{00083716-D3DB-46FE-9E9F-083FF0C77CBA}.Debug|Any CPU.Build.0 = Debug|Any CPU
		{00083716-D3DB-46FE-9E9F-083FF0C77CBA}.Release|Any CPU.ActiveCfg = Release|Any CPU
		{00083716-D3DB-46FE-9E9F-083FF0C77CBA}.Release|Any CPU.Build.0 = Release|Any CPU
		{773B096E-A720-4CF4-A218-FE866FE80D29}.Debug|Any CPU.ActiveCfg = Debug|Any CPU
		{773B096E-A720-4CF4-A218-FE866FE80D29}.Debug|Any CPU.Build.0 = Debug|Any CPU
		{773B096E-A720-4CF4-A218-FE866FE80D29}.Release|Any CPU.ActiveCfg = Release|Any CPU
		{773B096E-A720-4CF4-A218-FE866FE80D29}.Release|Any CPU.Build.0 = Release|Any CPU
		{8ADB7C17-3648-4992-AAD4-C0E6D8B1D23B}.Debug|Any CPU.ActiveCfg = Debug|Any CPU
		{8ADB7C17-3648-4992-AAD4-C0E6D8B1D23B}.Debug|Any CPU.Build.0 = Debug|Any CPU
		{8ADB7C17-3648-4992-AAD4-C0E6D8B1D23B}.Release|Any CPU.ActiveCfg = Release|Any CPU
		{8ADB7C17-3648-4992-AAD4-C0E6D8B1D23B}.Release|Any CPU.Build.0 = Release|Any CPU
		{A4DD60B7-A760-4871-BCCA-B2FA604F8A28}.Debug|Any CPU.ActiveCfg = Debug|Any CPU
		{A4DD60B7-A760-4871-BCCA-B2FA604F8A28}.Debug|Any CPU.Build.0 = Debug|Any CPU
		{A4DD60B7-A760-4871-BCCA-B2FA604F8A28}.Release|Any CPU.ActiveCfg = Release|Any CPU
		{A4DD60B7-A760-4871-BCCA-B2FA604F8A28}.Release|Any CPU.Build.0 = Release|Any CPU
		{A630BB56-61F7-4A2A-BBCB-FBC208BAB51E}.Debug|Any CPU.ActiveCfg = Debug|Any CPU
		{A630BB56-61F7-4A2A-BBCB-FBC208BAB51E}.Debug|Any CPU.Build.0 = Debug|Any CPU
		{A630BB56-61F7-4A2A-BBCB-FBC208BAB51E}.Release|Any CPU.ActiveCfg = Release|Any CPU
		{A630BB56-61F7-4A2A-BBCB-FBC208BAB51E}.Release|Any CPU.Build.0 = Release|Any CPU
		{E86C9B04-9644-481D-8096-E39CF7042193}.Debug|Any CPU.ActiveCfg = Debug|Any CPU
		{E86C9B04-9644-481D-8096-E39CF7042193}.Debug|Any CPU.Build.0 = Debug|Any CPU
		{E86C9B04-9644-481D-8096-E39CF7042193}.Release|Any CPU.ActiveCfg = Release|Any CPU
		{E86C9B04-9644-481D-8096-E39CF7042193}.Release|Any CPU.Build.0 = Release|Any CPU
		{538D9626-9A18-4F76-BBD5-93495D794060}.Debug|Any CPU.ActiveCfg = Debug|Any CPU
		{538D9626-9A18-4F76-BBD5-93495D794060}.Debug|Any CPU.Build.0 = Debug|Any CPU
		{538D9626-9A18-4F76-BBD5-93495D794060}.Release|Any CPU.ActiveCfg = Release|Any CPU
		{538D9626-9A18-4F76-BBD5-93495D794060}.Release|Any CPU.Build.0 = Release|Any CPU
		{F891ABD0-A37F-42A2-9B98-C1723D58CED3}.Debug|Any CPU.ActiveCfg = Debug|Any CPU
		{F891ABD0-A37F-42A2-9B98-C1723D58CED3}.Debug|Any CPU.Build.0 = Debug|Any CPU
		{F891ABD0-A37F-42A2-9B98-C1723D58CED3}.Release|Any CPU.ActiveCfg = Release|Any CPU
		{F891ABD0-A37F-42A2-9B98-C1723D58CED3}.Release|Any CPU.Build.0 = Release|Any CPU
		{1A059752-22FE-407D-BE11-1F9378DB1145}.Debug|Any CPU.ActiveCfg = Debug|Any CPU
		{1A059752-22FE-407D-BE11-1F9378DB1145}.Debug|Any CPU.Build.0 = Debug|Any CPU
		{1A059752-22FE-407D-BE11-1F9378DB1145}.Release|Any CPU.ActiveCfg = Release|Any CPU
		{1A059752-22FE-407D-BE11-1F9378DB1145}.Release|Any CPU.Build.0 = Release|Any CPU
		{FDDC2848-1DBE-402A-B58C-E94B3B0B5821}.Debug|Any CPU.ActiveCfg = Debug|Any CPU
		{FDDC2848-1DBE-402A-B58C-E94B3B0B5821}.Debug|Any CPU.Build.0 = Debug|Any CPU
		{FDDC2848-1DBE-402A-B58C-E94B3B0B5821}.Release|Any CPU.ActiveCfg = Release|Any CPU
		{FDDC2848-1DBE-402A-B58C-E94B3B0B5821}.Release|Any CPU.Build.0 = Release|Any CPU
		{08D2CF5D-545A-4ACF-AE26-BD02CE5A116E}.Debug|Any CPU.ActiveCfg = Debug|Any CPU
		{08D2CF5D-545A-4ACF-AE26-BD02CE5A116E}.Debug|Any CPU.Build.0 = Debug|Any CPU
		{08D2CF5D-545A-4ACF-AE26-BD02CE5A116E}.Release|Any CPU.ActiveCfg = Release|Any CPU
		{08D2CF5D-545A-4ACF-AE26-BD02CE5A116E}.Release|Any CPU.Build.0 = Release|Any CPU
	EndGlobalSection
	GlobalSection(SolutionProperties) = preSolution
		HideSolutionNode = FALSE
	EndGlobalSection
	GlobalSection(ExtensibilityGlobals) = postSolution
		SolutionGuid = {1BE485E4-9607-4F52-A772-ECA75A80BE5F}
	EndGlobalSection
EndGlobal
